// !$*UTF8*$!
{
	archiveVersion = 1;
	classes = {
	};
	objectVersion = 56;
	objects = {

/* Begin PBXBuildFile section */
		7C30C5D72A6BC21100F3BA16 /* UpdateDetail.swift in Sources */ = {isa = PBXBuildFile; fileRef = 7C30C5D62A6BC21100F3BA16 /* UpdateDetail.swift */; };
		7C30C5D92A6BCD6300F3BA16 /* UpdateStore.swift in Sources */ = {isa = PBXBuildFile; fileRef = 7C30C5D82A6BCD6300F3BA16 /* UpdateStore.swift */; };
		7C703AEA2A6619BC00218D58 /* Home.swift in Sources */ = {isa = PBXBuildFile; fileRef = 7C703AE92A6619BC00218D58 /* Home.swift */; };
		7C703AEC2A677B7400218D58 /* HomeView.swift in Sources */ = {isa = PBXBuildFile; fileRef = 7C703AEB2A677B7400218D58 /* HomeView.swift */; };
		7C703AEE2A6A2CF900218D58 /* UpdateList.swift in Sources */ = {isa = PBXBuildFile; fileRef = 7C703AED2A6A2CF900218D58 /* UpdateList.swift */; };
		7C7264D42A6F661E0094AA7A /* Modifiers.swift in Sources */ = {isa = PBXBuildFile; fileRef = 7C7264D32A6F661E0094AA7A /* Modifiers.swift */; };
		7C7264ED2A6F6A370094AA7A /* WorkSans-VariableFont_wght.ttf in Resources */ = {isa = PBXBuildFile; fileRef = 7C7264D62A6F6A370094AA7A /* WorkSans-VariableFont_wght.ttf */; };
		7C7264EE2A6F6A370094AA7A /* WorkSans-Regular.ttf in Resources */ = {isa = PBXBuildFile; fileRef = 7C7264D82A6F6A370094AA7A /* WorkSans-Regular.ttf */; };
		7C7264EF2A6F6A370094AA7A /* WorkSans-Light.ttf in Resources */ = {isa = PBXBuildFile; fileRef = 7C7264D92A6F6A370094AA7A /* WorkSans-Light.ttf */; };
		7C7264F02A6F6A370094AA7A /* WorkSans-ExtraBold.ttf in Resources */ = {isa = PBXBuildFile; fileRef = 7C7264DA2A6F6A370094AA7A /* WorkSans-ExtraBold.ttf */; };
		7C7264F12A6F6A370094AA7A /* WorkSans-SemiBoldItalic.ttf in Resources */ = {isa = PBXBuildFile; fileRef = 7C7264DB2A6F6A370094AA7A /* WorkSans-SemiBoldItalic.ttf */; };
		7C7264F22A6F6A370094AA7A /* WorkSans-MediumItalic.ttf in Resources */ = {isa = PBXBuildFile; fileRef = 7C7264DC2A6F6A370094AA7A /* WorkSans-MediumItalic.ttf */; };
		7C7264F32A6F6A370094AA7A /* WorkSans-BoldItalic.ttf in Resources */ = {isa = PBXBuildFile; fileRef = 7C7264DD2A6F6A370094AA7A /* WorkSans-BoldItalic.ttf */; };
		7C7264F42A6F6A370094AA7A /* WorkSans-ExtraLight.ttf in Resources */ = {isa = PBXBuildFile; fileRef = 7C7264DE2A6F6A370094AA7A /* WorkSans-ExtraLight.ttf */; };
		7C7264F52A6F6A370094AA7A /* WorkSans-ThinItalic.ttf in Resources */ = {isa = PBXBuildFile; fileRef = 7C7264DF2A6F6A370094AA7A /* WorkSans-ThinItalic.ttf */; };
		7C7264F62A6F6A370094AA7A /* WorkSans-ExtraLightItalic.ttf in Resources */ = {isa = PBXBuildFile; fileRef = 7C7264E02A6F6A370094AA7A /* WorkSans-ExtraLightItalic.ttf */; };
		7C7264F72A6F6A370094AA7A /* WorkSans-Medium.ttf in Resources */ = {isa = PBXBuildFile; fileRef = 7C7264E12A6F6A370094AA7A /* WorkSans-Medium.ttf */; };
		7C7264F82A6F6A370094AA7A /* WorkSans-SemiBold.ttf in Resources */ = {isa = PBXBuildFile; fileRef = 7C7264E22A6F6A370094AA7A /* WorkSans-SemiBold.ttf */; };
		7C7264F92A6F6A370094AA7A /* WorkSans-Italic.ttf in Resources */ = {isa = PBXBuildFile; fileRef = 7C7264E32A6F6A370094AA7A /* WorkSans-Italic.ttf */; };
		7C7264FA2A6F6A370094AA7A /* WorkSans-BlackItalic.ttf in Resources */ = {isa = PBXBuildFile; fileRef = 7C7264E42A6F6A370094AA7A /* WorkSans-BlackItalic.ttf */; };
		7C7264FB2A6F6A370094AA7A /* WorkSans-Thin.ttf in Resources */ = {isa = PBXBuildFile; fileRef = 7C7264E52A6F6A370094AA7A /* WorkSans-Thin.ttf */; };
		7C7264FC2A6F6A370094AA7A /* WorkSans-Black.ttf in Resources */ = {isa = PBXBuildFile; fileRef = 7C7264E62A6F6A370094AA7A /* WorkSans-Black.ttf */; };
		7C7264FD2A6F6A370094AA7A /* WorkSans-LightItalic.ttf in Resources */ = {isa = PBXBuildFile; fileRef = 7C7264E72A6F6A370094AA7A /* WorkSans-LightItalic.ttf */; };
		7C7264FE2A6F6A370094AA7A /* WorkSans-ExtraBoldItalic.ttf in Resources */ = {isa = PBXBuildFile; fileRef = 7C7264E82A6F6A370094AA7A /* WorkSans-ExtraBoldItalic.ttf */; };
		7C7264FF2A6F6A370094AA7A /* WorkSans-Bold.ttf in Resources */ = {isa = PBXBuildFile; fileRef = 7C7264E92A6F6A370094AA7A /* WorkSans-Bold.ttf */; };
		7C7265002A6F6A370094AA7A /* WorkSans-Italic-VariableFont_wght.ttf in Resources */ = {isa = PBXBuildFile; fileRef = 7C7264EA2A6F6A370094AA7A /* WorkSans-Italic-VariableFont_wght.ttf */; };
		7C7265012A6F6A370094AA7A /* OFL.txt in Resources */ = {isa = PBXBuildFile; fileRef = 7C7264EB2A6F6A370094AA7A /* OFL.txt */; };
		7C7265022A6F6A370094AA7A /* README.txt in Resources */ = {isa = PBXBuildFile; fileRef = 7C7264EC2A6F6A370094AA7A /* README.txt */; };
		7CC7E95C2A6C47B400CCE1B4 /* TabBar.swift in Sources */ = {isa = PBXBuildFile; fileRef = 7CC7E95B2A6C47B400CCE1B4 /* TabBar.swift */; };
		7CDC9A2B2A6C88DE00FE4988 /* Utils.swift in Sources */ = {isa = PBXBuildFile; fileRef = 7CDC9A2A2A6C88DE00FE4988 /* Utils.swift */; };
		7CDC9A2D2A6D08C600FE4988 /* RingView.swift in Sources */ = {isa = PBXBuildFile; fileRef = 7CDC9A2C2A6D08C600FE4988 /* RingView.swift */; };
		7CDD187A2A70C6AD003FBE43 /* CourseList.swift in Sources */ = {isa = PBXBuildFile; fileRef = 7CDD18792A70C6AD003FBE43 /* CourseList.swift */; };
		7CFF88442A63172D007A6B14 /* DesignCodeApp.swift in Sources */ = {isa = PBXBuildFile; fileRef = 7CFF88432A63172D007A6B14 /* DesignCodeApp.swift */; };
		7CFF88462A63172D007A6B14 /* ContentView.swift in Sources */ = {isa = PBXBuildFile; fileRef = 7CFF88452A63172D007A6B14 /* ContentView.swift */; };
		7CFF88482A63172F007A6B14 /* Assets.xcassets in Resources */ = {isa = PBXBuildFile; fileRef = 7CFF88472A63172F007A6B14 /* Assets.xcassets */; };
		7CFF884B2A63172F007A6B14 /* Preview Assets.xcassets in Resources */ = {isa = PBXBuildFile; fileRef = 7CFF884A2A63172F007A6B14 /* Preview Assets.xcassets */; };
		7CFF88522A632F84007A6B14 /* CardView.swift in Sources */ = {isa = PBXBuildFile; fileRef = 7CFF88512A632F84007A6B14 /* CardView.swift */; };
		7CFF88542A632FDB007A6B14 /* BackCardView.swift in Sources */ = {isa = PBXBuildFile; fileRef = 7CFF88532A632FDB007A6B14 /* BackCardView.swift */; };
		7CFF88562A635BF9007A6B14 /* TitleView.swift in Sources */ = {isa = PBXBuildFile; fileRef = 7CFF88552A635BF9007A6B14 /* TitleView.swift */; };
		7CFF88582A635FB6007A6B14 /* BottomCardView.swift in Sources */ = {isa = PBXBuildFile; fileRef = 7CFF88572A635FB6007A6B14 /* BottomCardView.swift */; };
		7CFF885C2A64F1D8007A6B14 /* MenuView.swift in Sources */ = {isa = PBXBuildFile; fileRef = 7CFF885B2A64F1D8007A6B14 /* MenuView.swift */; };
/* End PBXBuildFile section */

/* Begin PBXFileReference section */
		7C30C5D62A6BC21100F3BA16 /* UpdateDetail.swift */ = {isa = PBXFileReference; lastKnownFileType = sourcecode.swift; path = UpdateDetail.swift; sourceTree = "<group>"; };
		7C30C5D82A6BCD6300F3BA16 /* UpdateStore.swift */ = {isa = PBXFileReference; lastKnownFileType = sourcecode.swift; path = UpdateStore.swift; sourceTree = "<group>"; };
		7C703AE92A6619BC00218D58 /* Home.swift */ = {isa = PBXFileReference; lastKnownFileType = sourcecode.swift; path = Home.swift; sourceTree = "<group>"; };
		7C703AEB2A677B7400218D58 /* HomeView.swift */ = {isa = PBXFileReference; lastKnownFileType = sourcecode.swift; path = HomeView.swift; sourceTree = "<group>"; };
		7C703AED2A6A2CF900218D58 /* UpdateList.swift */ = {isa = PBXFileReference; lastKnownFileType = sourcecode.swift; path = UpdateList.swift; sourceTree = "<group>"; };
		7C7264D32A6F661E0094AA7A /* Modifiers.swift */ = {isa = PBXFileReference; lastKnownFileType = sourcecode.swift; path = Modifiers.swift; sourceTree = "<group>"; };
		7C7264D62A6F6A370094AA7A /* WorkSans-VariableFont_wght.ttf */ = {isa = PBXFileReference; lastKnownFileType = file; path = "WorkSans-VariableFont_wght.ttf"; sourceTree = "<group>"; };
		7C7264D82A6F6A370094AA7A /* WorkSans-Regular.ttf */ = {isa = PBXFileReference; lastKnownFileType = file; path = "WorkSans-Regular.ttf"; sourceTree = "<group>"; };
		7C7264D92A6F6A370094AA7A /* WorkSans-Light.ttf */ = {isa = PBXFileReference; lastKnownFileType = file; path = "WorkSans-Light.ttf"; sourceTree = "<group>"; };
		7C7264DA2A6F6A370094AA7A /* WorkSans-ExtraBold.ttf */ = {isa = PBXFileReference; lastKnownFileType = file; path = "WorkSans-ExtraBold.ttf"; sourceTree = "<group>"; };
		7C7264DB2A6F6A370094AA7A /* WorkSans-SemiBoldItalic.ttf */ = {isa = PBXFileReference; lastKnownFileType = file; path = "WorkSans-SemiBoldItalic.ttf"; sourceTree = "<group>"; };
		7C7264DC2A6F6A370094AA7A /* WorkSans-MediumItalic.ttf */ = {isa = PBXFileReference; lastKnownFileType = file; path = "WorkSans-MediumItalic.ttf"; sourceTree = "<group>"; };
		7C7264DD2A6F6A370094AA7A /* WorkSans-BoldItalic.ttf */ = {isa = PBXFileReference; lastKnownFileType = file; path = "WorkSans-BoldItalic.ttf"; sourceTree = "<group>"; };
		7C7264DE2A6F6A370094AA7A /* WorkSans-ExtraLight.ttf */ = {isa = PBXFileReference; lastKnownFileType = file; path = "WorkSans-ExtraLight.ttf"; sourceTree = "<group>"; };
		7C7264DF2A6F6A370094AA7A /* WorkSans-ThinItalic.ttf */ = {isa = PBXFileReference; lastKnownFileType = file; path = "WorkSans-ThinItalic.ttf"; sourceTree = "<group>"; };
		7C7264E02A6F6A370094AA7A /* WorkSans-ExtraLightItalic.ttf */ = {isa = PBXFileReference; lastKnownFileType = file; path = "WorkSans-ExtraLightItalic.ttf"; sourceTree = "<group>"; };
		7C7264E12A6F6A370094AA7A /* WorkSans-Medium.ttf */ = {isa = PBXFileReference; lastKnownFileType = file; path = "WorkSans-Medium.ttf"; sourceTree = "<group>"; };
		7C7264E22A6F6A370094AA7A /* WorkSans-SemiBold.ttf */ = {isa = PBXFileReference; lastKnownFileType = file; path = "WorkSans-SemiBold.ttf"; sourceTree = "<group>"; };
		7C7264E32A6F6A370094AA7A /* WorkSans-Italic.ttf */ = {isa = PBXFileReference; lastKnownFileType = file; path = "WorkSans-Italic.ttf"; sourceTree = "<group>"; };
		7C7264E42A6F6A370094AA7A /* WorkSans-BlackItalic.ttf */ = {isa = PBXFileReference; lastKnownFileType = file; path = "WorkSans-BlackItalic.ttf"; sourceTree = "<group>"; };
		7C7264E52A6F6A370094AA7A /* WorkSans-Thin.ttf */ = {isa = PBXFileReference; lastKnownFileType = file; path = "WorkSans-Thin.ttf"; sourceTree = "<group>"; };
		7C7264E62A6F6A370094AA7A /* WorkSans-Black.ttf */ = {isa = PBXFileReference; lastKnownFileType = file; path = "WorkSans-Black.ttf"; sourceTree = "<group>"; };
		7C7264E72A6F6A370094AA7A /* WorkSans-LightItalic.ttf */ = {isa = PBXFileReference; lastKnownFileType = file; path = "WorkSans-LightItalic.ttf"; sourceTree = "<group>"; };
		7C7264E82A6F6A370094AA7A /* WorkSans-ExtraBoldItalic.ttf */ = {isa = PBXFileReference; lastKnownFileType = file; path = "WorkSans-ExtraBoldItalic.ttf"; sourceTree = "<group>"; };
		7C7264E92A6F6A370094AA7A /* WorkSans-Bold.ttf */ = {isa = PBXFileReference; lastKnownFileType = file; path = "WorkSans-Bold.ttf"; sourceTree = "<group>"; };
		7C7264EA2A6F6A370094AA7A /* WorkSans-Italic-VariableFont_wght.ttf */ = {isa = PBXFileReference; lastKnownFileType = file; path = "WorkSans-Italic-VariableFont_wght.ttf"; sourceTree = "<group>"; };
		7C7264EB2A6F6A370094AA7A /* OFL.txt */ = {isa = PBXFileReference; fileEncoding = 4; lastKnownFileType = text; path = OFL.txt; sourceTree = "<group>"; };
		7C7264EC2A6F6A370094AA7A /* README.txt */ = {isa = PBXFileReference; fileEncoding = 4; lastKnownFileType = text; path = README.txt; sourceTree = "<group>"; };
		7C7265032A6F6A6B0094AA7A /* Info.plist */ = {isa = PBXFileReference; lastKnownFileType = text.plist; path = Info.plist; sourceTree = "<group>"; };
		7CC7E95B2A6C47B400CCE1B4 /* TabBar.swift */ = {isa = PBXFileReference; lastKnownFileType = sourcecode.swift; path = TabBar.swift; sourceTree = "<group>"; };
		7CDC9A2A2A6C88DE00FE4988 /* Utils.swift */ = {isa = PBXFileReference; lastKnownFileType = sourcecode.swift; path = Utils.swift; sourceTree = "<group>"; };
		7CDC9A2C2A6D08C600FE4988 /* RingView.swift */ = {isa = PBXFileReference; lastKnownFileType = sourcecode.swift; path = RingView.swift; sourceTree = "<group>"; };
		7CDD18792A70C6AD003FBE43 /* CourseList.swift */ = {isa = PBXFileReference; lastKnownFileType = sourcecode.swift; path = CourseList.swift; sourceTree = "<group>"; };
		7CFF88402A63172D007A6B14 /* DesignCode.app */ = {isa = PBXFileReference; explicitFileType = wrapper.application; includeInIndex = 0; path = DesignCode.app; sourceTree = BUILT_PRODUCTS_DIR; };
		7CFF88432A63172D007A6B14 /* DesignCodeApp.swift */ = {isa = PBXFileReference; lastKnownFileType = sourcecode.swift; path = DesignCodeApp.swift; sourceTree = "<group>"; };
		7CFF88452A63172D007A6B14 /* ContentView.swift */ = {isa = PBXFileReference; lastKnownFileType = sourcecode.swift; path = ContentView.swift; sourceTree = "<group>"; };
		7CFF88472A63172F007A6B14 /* Assets.xcassets */ = {isa = PBXFileReference; lastKnownFileType = folder.assetcatalog; path = Assets.xcassets; sourceTree = "<group>"; };
		7CFF884A2A63172F007A6B14 /* Preview Assets.xcassets */ = {isa = PBXFileReference; lastKnownFileType = folder.assetcatalog; path = "Preview Assets.xcassets"; sourceTree = "<group>"; };
		7CFF88512A632F84007A6B14 /* CardView.swift */ = {isa = PBXFileReference; lastKnownFileType = sourcecode.swift; path = CardView.swift; sourceTree = "<group>"; };
		7CFF88532A632FDB007A6B14 /* BackCardView.swift */ = {isa = PBXFileReference; lastKnownFileType = sourcecode.swift; path = BackCardView.swift; sourceTree = "<group>"; };
		7CFF88552A635BF9007A6B14 /* TitleView.swift */ = {isa = PBXFileReference; lastKnownFileType = sourcecode.swift; path = TitleView.swift; sourceTree = "<group>"; };
		7CFF88572A635FB6007A6B14 /* BottomCardView.swift */ = {isa = PBXFileReference; lastKnownFileType = sourcecode.swift; path = BottomCardView.swift; sourceTree = "<group>"; };
		7CFF885B2A64F1D8007A6B14 /* MenuView.swift */ = {isa = PBXFileReference; lastKnownFileType = sourcecode.swift; path = MenuView.swift; sourceTree = "<group>"; };
/* End PBXFileReference section */

/* Begin PBXFrameworksBuildPhase section */
		7CFF883D2A63172D007A6B14 /* Frameworks */ = {
			isa = PBXFrameworksBuildPhase;
			buildActionMask = 2147483647;
			files = (
			);
			runOnlyForDeploymentPostprocessing = 0;
		};
/* End PBXFrameworksBuildPhase section */

/* Begin PBXGroup section */
		7C7264D52A6F6A370094AA7A /* Work_Sans */ = {
			isa = PBXGroup;
			children = (
				7C7264D62A6F6A370094AA7A /* WorkSans-VariableFont_wght.ttf */,
				7C7264D72A6F6A370094AA7A /* static */,
				7C7264EA2A6F6A370094AA7A /* WorkSans-Italic-VariableFont_wght.ttf */,
				7C7264EB2A6F6A370094AA7A /* OFL.txt */,
				7C7264EC2A6F6A370094AA7A /* README.txt */,
			);
			path = Work_Sans;
			sourceTree = "<group>";
		};
		7C7264D72A6F6A370094AA7A /* static */ = {
			isa = PBXGroup;
			children = (
				7C7264D82A6F6A370094AA7A /* WorkSans-Regular.ttf */,
				7C7264D92A6F6A370094AA7A /* WorkSans-Light.ttf */,
				7C7264DA2A6F6A370094AA7A /* WorkSans-ExtraBold.ttf */,
				7C7264DB2A6F6A370094AA7A /* WorkSans-SemiBoldItalic.ttf */,
				7C7264DC2A6F6A370094AA7A /* WorkSans-MediumItalic.ttf */,
				7C7264DD2A6F6A370094AA7A /* WorkSans-BoldItalic.ttf */,
				7C7264DE2A6F6A370094AA7A /* WorkSans-ExtraLight.ttf */,
				7C7264DF2A6F6A370094AA7A /* WorkSans-ThinItalic.ttf */,
				7C7264E02A6F6A370094AA7A /* WorkSans-ExtraLightItalic.ttf */,
				7C7264E12A6F6A370094AA7A /* WorkSans-Medium.ttf */,
				7C7264E22A6F6A370094AA7A /* WorkSans-SemiBold.ttf */,
				7C7264E32A6F6A370094AA7A /* WorkSans-Italic.ttf */,
				7C7264E42A6F6A370094AA7A /* WorkSans-BlackItalic.ttf */,
				7C7264E52A6F6A370094AA7A /* WorkSans-Thin.ttf */,
				7C7264E62A6F6A370094AA7A /* WorkSans-Black.ttf */,
				7C7264E72A6F6A370094AA7A /* WorkSans-LightItalic.ttf */,
				7C7264E82A6F6A370094AA7A /* WorkSans-ExtraBoldItalic.ttf */,
				7C7264E92A6F6A370094AA7A /* WorkSans-Bold.ttf */,
			);
			path = static;
			sourceTree = "<group>";
		};
		7CFF88372A63172D007A6B14 = {
			isa = PBXGroup;
			children = (
				7CFF88422A63172D007A6B14 /* DesignCode */,
				7CFF88412A63172D007A6B14 /* Products */,
			);
			sourceTree = "<group>";
		};
		7CFF88412A63172D007A6B14 /* Products */ = {
			isa = PBXGroup;
			children = (
				7CFF88402A63172D007A6B14 /* DesignCode.app */,
			);
			name = Products;
			sourceTree = "<group>";
		};
		7CFF88422A63172D007A6B14 /* DesignCode */ = {
			isa = PBXGroup;
			children = (
				7C7265032A6F6A6B0094AA7A /* Info.plist */,
				7CFF88432A63172D007A6B14 /* DesignCodeApp.swift */,
				7CFF88452A63172D007A6B14 /* ContentView.swift */,
				7CFF885B2A64F1D8007A6B14 /* MenuView.swift */,
				7C703AE92A6619BC00218D58 /* Home.swift */,
				7C703AEB2A677B7400218D58 /* HomeView.swift */,
				7CDC9A2C2A6D08C600FE4988 /* RingView.swift */,
				7C7264D32A6F661E0094AA7A /* Modifiers.swift */,
				7CDD18792A70C6AD003FBE43 /* CourseList.swift */,
				7C30C5D62A6BC21100F3BA16 /* UpdateDetail.swift */,
				7C703AED2A6A2CF900218D58 /* UpdateList.swift */,
				7C30C5D82A6BCD6300F3BA16 /* UpdateStore.swift */,
				7CC7E95B2A6C47B400CCE1B4 /* TabBar.swift */,
				7CFF885A2A64F19B007A6B14 /* Certificate */,
				7CFF88472A63172F007A6B14 /* Assets.xcassets */,
				7C7264D52A6F6A370094AA7A /* Work_Sans */,
				7CFF88492A63172F007A6B14 /* Preview Content */,
				7CDC9A2A2A6C88DE00FE4988 /* Utils.swift */,
			);
			path = DesignCode;
			sourceTree = "<group>";
		};
		7CFF88492A63172F007A6B14 /* Preview Content */ = {
			isa = PBXGroup;
			children = (
				7CFF884A2A63172F007A6B14 /* Preview Assets.xcassets */,
			);
			path = "Preview Content";
			sourceTree = "<group>";
		};
		7CFF885A2A64F19B007A6B14 /* Certificate */ = {
			isa = PBXGroup;
			children = (
				7CFF88512A632F84007A6B14 /* CardView.swift */,
				7CFF88532A632FDB007A6B14 /* BackCardView.swift */,
				7CFF88572A635FB6007A6B14 /* BottomCardView.swift */,
				7CFF88552A635BF9007A6B14 /* TitleView.swift */,
			);
			path = Certificate;
			sourceTree = "<group>";
		};
/* End PBXGroup section */

/* Begin PBXNativeTarget section */
		7CFF883F2A63172D007A6B14 /* DesignCode */ = {
			isa = PBXNativeTarget;
			buildConfigurationList = 7CFF884E2A63172F007A6B14 /* Build configuration list for PBXNativeTarget "DesignCode" */;
			buildPhases = (
				7CFF883C2A63172D007A6B14 /* Sources */,
				7CFF883D2A63172D007A6B14 /* Frameworks */,
				7CFF883E2A63172D007A6B14 /* Resources */,
			);
			buildRules = (
			);
			dependencies = (
			);
			name = DesignCode;
			productName = DesignCode;
			productReference = 7CFF88402A63172D007A6B14 /* DesignCode.app */;
			productType = "com.apple.product-type.application";
		};
/* End PBXNativeTarget section */

/* Begin PBXProject section */
		7CFF88382A63172D007A6B14 /* Project object */ = {
			isa = PBXProject;
			attributes = {
				BuildIndependentTargetsInParallel = 1;
				LastSwiftUpdateCheck = 1430;
				LastUpgradeCheck = 1430;
				TargetAttributes = {
					7CFF883F2A63172D007A6B14 = {
						CreatedOnToolsVersion = 14.3.1;
					};
				};
			};
			buildConfigurationList = 7CFF883B2A63172D007A6B14 /* Build configuration list for PBXProject "DesignCode" */;
			compatibilityVersion = "Xcode 14.0";
			developmentRegion = en;
			hasScannedForEncodings = 0;
			knownRegions = (
				en,
				Base,
			);
			mainGroup = 7CFF88372A63172D007A6B14;
			productRefGroup = 7CFF88412A63172D007A6B14 /* Products */;
			projectDirPath = "";
			projectRoot = "";
			targets = (
				7CFF883F2A63172D007A6B14 /* DesignCode */,
			);
		};
/* End PBXProject section */

/* Begin PBXResourcesBuildPhase section */
		7CFF883E2A63172D007A6B14 /* Resources */ = {
			isa = PBXResourcesBuildPhase;
			buildActionMask = 2147483647;
			files = (
				7C7264FD2A6F6A370094AA7A /* WorkSans-LightItalic.ttf in Resources */,
				7CFF884B2A63172F007A6B14 /* Preview Assets.xcassets in Resources */,
				7C7264F32A6F6A370094AA7A /* WorkSans-BoldItalic.ttf in Resources */,
				7C7264F52A6F6A370094AA7A /* WorkSans-ThinItalic.ttf in Resources */,
				7C7264F22A6F6A370094AA7A /* WorkSans-MediumItalic.ttf in Resources */,
				7C7264F62A6F6A370094AA7A /* WorkSans-ExtraLightItalic.ttf in Resources */,
				7CFF88482A63172F007A6B14 /* Assets.xcassets in Resources */,
				7C7264F12A6F6A370094AA7A /* WorkSans-SemiBoldItalic.ttf in Resources */,
				7C7264FE2A6F6A370094AA7A /* WorkSans-ExtraBoldItalic.ttf in Resources */,
				7C7264ED2A6F6A370094AA7A /* WorkSans-VariableFont_wght.ttf in Resources */,
				7C7264FB2A6F6A370094AA7A /* WorkSans-Thin.ttf in Resources */,
				7C7264F42A6F6A370094AA7A /* WorkSans-ExtraLight.ttf in Resources */,
				7C7265012A6F6A370094AA7A /* OFL.txt in Resources */,
				7C7264F82A6F6A370094AA7A /* WorkSans-SemiBold.ttf in Resources */,
				7C7264EE2A6F6A370094AA7A /* WorkSans-Regular.ttf in Resources */,
				7C7264FC2A6F6A370094AA7A /* WorkSans-Black.ttf in Resources */,
				7C7264F02A6F6A370094AA7A /* WorkSans-ExtraBold.ttf in Resources */,
				7C7264FA2A6F6A370094AA7A /* WorkSans-BlackItalic.ttf in Resources */,
				7C7265002A6F6A370094AA7A /* WorkSans-Italic-VariableFont_wght.ttf in Resources */,
				7C7264F72A6F6A370094AA7A /* WorkSans-Medium.ttf in Resources */,
				7C7264F92A6F6A370094AA7A /* WorkSans-Italic.ttf in Resources */,
				7C7264EF2A6F6A370094AA7A /* WorkSans-Light.ttf in Resources */,
				7C7265022A6F6A370094AA7A /* README.txt in Resources */,
				7C7264FF2A6F6A370094AA7A /* WorkSans-Bold.ttf in Resources */,
			);
			runOnlyForDeploymentPostprocessing = 0;
		};
/* End PBXResourcesBuildPhase section */

/* Begin PBXSourcesBuildPhase section */
		7CFF883C2A63172D007A6B14 /* Sources */ = {
			isa = PBXSourcesBuildPhase;
			buildActionMask = 2147483647;
			files = (
				7CDC9A2D2A6D08C600FE4988 /* RingView.swift in Sources */,
				7C703AEE2A6A2CF900218D58 /* UpdateList.swift in Sources */,
				7C703AEC2A677B7400218D58 /* HomeView.swift in Sources */,
				7CFF885C2A64F1D8007A6B14 /* MenuView.swift in Sources */,
				7CDD187A2A70C6AD003FBE43 /* CourseList.swift in Sources */,
				7CDC9A2B2A6C88DE00FE4988 /* Utils.swift in Sources */,
				7CFF88462A63172D007A6B14 /* ContentView.swift in Sources */,
				7C30C5D92A6BCD6300F3BA16 /* UpdateStore.swift in Sources */,
				7CFF88582A635FB6007A6B14 /* BottomCardView.swift in Sources */,
				7C30C5D72A6BC21100F3BA16 /* UpdateDetail.swift in Sources */,
				7CFF88522A632F84007A6B14 /* CardView.swift in Sources */,
				7CFF88442A63172D007A6B14 /* DesignCodeApp.swift in Sources */,
				7CC7E95C2A6C47B400CCE1B4 /* TabBar.swift in Sources */,
				7C7264D42A6F661E0094AA7A /* Modifiers.swift in Sources */,
				7C703AEA2A6619BC00218D58 /* Home.swift in Sources */,
				7CFF88542A632FDB007A6B14 /* BackCardView.swift in Sources */,
				7CFF88562A635BF9007A6B14 /* TitleView.swift in Sources */,
			);
			runOnlyForDeploymentPostprocessing = 0;
		};
/* End PBXSourcesBuildPhase section */

/* Begin XCBuildConfiguration section */
		7CFF884C2A63172F007A6B14 /* Debug */ = {
			isa = XCBuildConfiguration;
			buildSettings = {
				ALWAYS_SEARCH_USER_PATHS = NO;
				CLANG_ANALYZER_NONNULL = YES;
				CLANG_ANALYZER_NUMBER_OBJECT_CONVERSION = YES_AGGRESSIVE;
				CLANG_CXX_LANGUAGE_STANDARD = "gnu++20";
				CLANG_ENABLE_MODULES = YES;
				CLANG_ENABLE_OBJC_ARC = YES;
				CLANG_ENABLE_OBJC_WEAK = YES;
				CLANG_WARN_BLOCK_CAPTURE_AUTORELEASING = YES;
				CLANG_WARN_BOOL_CONVERSION = YES;
				CLANG_WARN_COMMA = YES;
				CLANG_WARN_CONSTANT_CONVERSION = YES;
				CLANG_WARN_DEPRECATED_OBJC_IMPLEMENTATIONS = YES;
				CLANG_WARN_DIRECT_OBJC_ISA_USAGE = YES_ERROR;
				CLANG_WARN_DOCUMENTATION_COMMENTS = YES;
				CLANG_WARN_EMPTY_BODY = YES;
				CLANG_WARN_ENUM_CONVERSION = YES;
				CLANG_WARN_INFINITE_RECURSION = YES;
				CLANG_WARN_INT_CONVERSION = YES;
				CLANG_WARN_NON_LITERAL_NULL_CONVERSION = YES;
				CLANG_WARN_OBJC_IMPLICIT_RETAIN_SELF = YES;
				CLANG_WARN_OBJC_LITERAL_CONVERSION = YES;
				CLANG_WARN_OBJC_ROOT_CLASS = YES_ERROR;
				CLANG_WARN_QUOTED_INCLUDE_IN_FRAMEWORK_HEADER = YES;
				CLANG_WARN_RANGE_LOOP_ANALYSIS = YES;
				CLANG_WARN_STRICT_PROTOTYPES = YES;
				CLANG_WARN_SUSPICIOUS_MOVE = YES;
				CLANG_WARN_UNGUARDED_AVAILABILITY = YES_AGGRESSIVE;
				CLANG_WARN_UNREACHABLE_CODE = YES;
				CLANG_WARN__DUPLICATE_METHOD_MATCH = YES;
				COPY_PHASE_STRIP = NO;
				DEBUG_INFORMATION_FORMAT = dwarf;
				ENABLE_STRICT_OBJC_MSGSEND = YES;
				ENABLE_TESTABILITY = YES;
				GCC_C_LANGUAGE_STANDARD = gnu11;
				GCC_DYNAMIC_NO_PIC = NO;
				GCC_NO_COMMON_BLOCKS = YES;
				GCC_OPTIMIZATION_LEVEL = 0;
				GCC_PREPROCESSOR_DEFINITIONS = (
					"DEBUG=1",
					"$(inherited)",
				);
				GCC_WARN_64_TO_32_BIT_CONVERSION = YES;
				GCC_WARN_ABOUT_RETURN_TYPE = YES_ERROR;
				GCC_WARN_UNDECLARED_SELECTOR = YES;
				GCC_WARN_UNINITIALIZED_AUTOS = YES_AGGRESSIVE;
				GCC_WARN_UNUSED_FUNCTION = YES;
				GCC_WARN_UNUSED_VARIABLE = YES;
				IPHONEOS_DEPLOYMENT_TARGET = 16.2;
				MTL_ENABLE_DEBUG_INFO = INCLUDE_SOURCE;
				MTL_FAST_MATH = YES;
				ONLY_ACTIVE_ARCH = YES;
				SDKROOT = iphoneos;
				SWIFT_ACTIVE_COMPILATION_CONDITIONS = DEBUG;
				SWIFT_OPTIMIZATION_LEVEL = "-Onone";
			};
			name = Debug;
		};
		7CFF884D2A63172F007A6B14 /* Release */ = {
			isa = XCBuildConfiguration;
			buildSettings = {
				ALWAYS_SEARCH_USER_PATHS = NO;
				CLANG_ANALYZER_NONNULL = YES;
				CLANG_ANALYZER_NUMBER_OBJECT_CONVERSION = YES_AGGRESSIVE;
				CLANG_CXX_LANGUAGE_STANDARD = "gnu++20";
				CLANG_ENABLE_MODULES = YES;
				CLANG_ENABLE_OBJC_ARC = YES;
				CLANG_ENABLE_OBJC_WEAK = YES;
				CLANG_WARN_BLOCK_CAPTURE_AUTORELEASING = YES;
				CLANG_WARN_BOOL_CONVERSION = YES;
				CLANG_WARN_COMMA = YES;
				CLANG_WARN_CONSTANT_CONVERSION = YES;
				CLANG_WARN_DEPRECATED_OBJC_IMPLEMENTATIONS = YES;
				CLANG_WARN_DIRECT_OBJC_ISA_USAGE = YES_ERROR;
				CLANG_WARN_DOCUMENTATION_COMMENTS = YES;
				CLANG_WARN_EMPTY_BODY = YES;
				CLANG_WARN_ENUM_CONVERSION = YES;
				CLANG_WARN_INFINITE_RECURSION = YES;
				CLANG_WARN_INT_CONVERSION = YES;
				CLANG_WARN_NON_LITERAL_NULL_CONVERSION = YES;
				CLANG_WARN_OBJC_IMPLICIT_RETAIN_SELF = YES;
				CLANG_WARN_OBJC_LITERAL_CONVERSION = YES;
				CLANG_WARN_OBJC_ROOT_CLASS = YES_ERROR;
				CLANG_WARN_QUOTED_INCLUDE_IN_FRAMEWORK_HEADER = YES;
				CLANG_WARN_RANGE_LOOP_ANALYSIS = YES;
				CLANG_WARN_STRICT_PROTOTYPES = YES;
				CLANG_WARN_SUSPICIOUS_MOVE = YES;
				CLANG_WARN_UNGUARDED_AVAILABILITY = YES_AGGRESSIVE;
				CLANG_WARN_UNREACHABLE_CODE = YES;
				CLANG_WARN__DUPLICATE_METHOD_MATCH = YES;
				COPY_PHASE_STRIP = NO;
				DEBUG_INFORMATION_FORMAT = "dwarf-with-dsym";
				ENABLE_NS_ASSERTIONS = NO;
				ENABLE_STRICT_OBJC_MSGSEND = YES;
				GCC_C_LANGUAGE_STANDARD = gnu11;
				GCC_NO_COMMON_BLOCKS = YES;
				GCC_WARN_64_TO_32_BIT_CONVERSION = YES;
				GCC_WARN_ABOUT_RETURN_TYPE = YES_ERROR;
				GCC_WARN_UNDECLARED_SELECTOR = YES;
				GCC_WARN_UNINITIALIZED_AUTOS = YES_AGGRESSIVE;
				GCC_WARN_UNUSED_FUNCTION = YES;
				GCC_WARN_UNUSED_VARIABLE = YES;
				IPHONEOS_DEPLOYMENT_TARGET = 16.2;
				MTL_ENABLE_DEBUG_INFO = NO;
				MTL_FAST_MATH = YES;
				SDKROOT = iphoneos;
				SWIFT_COMPILATION_MODE = wholemodule;
				SWIFT_OPTIMIZATION_LEVEL = "-O";
				VALIDATE_PRODUCT = YES;
			};
			name = Release;
		};
		7CFF884F2A63172F007A6B14 /* Debug */ = {
			isa = XCBuildConfiguration;
			buildSettings = {
				ASSETCATALOG_COMPILER_APPICON_NAME = AppIcon;
				ASSETCATALOG_COMPILER_GLOBAL_ACCENT_COLOR_NAME = AccentColor;
				CODE_SIGN_STYLE = Automatic;
				CURRENT_PROJECT_VERSION = 1;
				DEVELOPMENT_ASSET_PATHS = "\"DesignCode/Preview Content\"";
				DEVELOPMENT_TEAM = G3TMK8KB93;
				ENABLE_PREVIEWS = YES;
				GENERATE_INFOPLIST_FILE = YES;
				INFOPLIST_FILE = DesignCode/Info.plist;
				INFOPLIST_KEY_UIApplicationSceneManifest_Generation = YES;
				INFOPLIST_KEY_UIApplicationSupportsIndirectInputEvents = YES;
				INFOPLIST_KEY_UILaunchScreen_Generation = YES;
				INFOPLIST_KEY_UISupportedInterfaceOrientations_iPad = "UIInterfaceOrientationPortrait UIInterfaceOrientationPortraitUpsideDown UIInterfaceOrientationLandscapeLeft UIInterfaceOrientationLandscapeRight";
				INFOPLIST_KEY_UISupportedInterfaceOrientations_iPhone = "UIInterfaceOrientationPortrait UIInterfaceOrientationLandscapeLeft UIInterfaceOrientationLandscapeRight";
				IPHONEOS_DEPLOYMENT_TARGET = 16.2;
				LD_RUNPATH_SEARCH_PATHS = (
					"$(inherited)",
					"@executable_path/Frameworks",
				);
				MARKETING_VERSION = 1.0;
				PRODUCT_BUNDLE_IDENTIFIER = com.ehsanApp.DesignCode;
				PRODUCT_NAME = "$(TARGET_NAME)";
				SWIFT_EMIT_LOC_STRINGS = YES;
				SWIFT_VERSION = 5.0;
				TARGETED_DEVICE_FAMILY = "1,2";
			};
			name = Debug;
		};
		7CFF88502A63172F007A6B14 /* Release */ = {
			isa = XCBuildConfiguration;
			buildSettings = {
				ASSETCATALOG_COMPILER_APPICON_NAME = AppIcon;
				ASSETCATALOG_COMPILER_GLOBAL_ACCENT_COLOR_NAME = AccentColor;
				CODE_SIGN_STYLE = Automatic;
				CURRENT_PROJECT_VERSION = 1;
				DEVELOPMENT_ASSET_PATHS = "\"DesignCode/Preview Content\"";
				DEVELOPMENT_TEAM = G3TMK8KB93;
				ENABLE_PREVIEWS = YES;
				GENERATE_INFOPLIST_FILE = YES;
				INFOPLIST_FILE = DesignCode/Info.plist;
				INFOPLIST_KEY_UIApplicationSceneManifest_Generation = YES;
				INFOPLIST_KEY_UIApplicationSupportsIndirectInputEvents = YES;
				INFOPLIST_KEY_UILaunchScreen_Generation = YES;
				INFOPLIST_KEY_UISupportedInterfaceOrientations_iPad = "UIInterfaceOrientationPortrait UIInterfaceOrientationPortraitUpsideDown UIInterfaceOrientationLandscapeLeft UIInterfaceOrientationLandscapeRight";
				INFOPLIST_KEY_UISupportedInterfaceOrientations_iPhone = "UIInterfaceOrientationPortrait UIInterfaceOrientationLandscapeLeft UIInterfaceOrientationLandscapeRight";
				IPHONEOS_DEPLOYMENT_TARGET = 16.2;
				LD_RUNPATH_SEARCH_PATHS = (
					"$(inherited)",
					"@executable_path/Frameworks",
				);
				MARKETING_VERSION = 1.0;
				PRODUCT_BUNDLE_IDENTIFIER = com.ehsanApp.DesignCode;
				PRODUCT_NAME = "$(TARGET_NAME)";
				SWIFT_EMIT_LOC_STRINGS = YES;
				SWIFT_VERSION = 5.0;
				TARGETED_DEVICE_FAMILY = "1,2";
			};
			name = Release;
		};
/* End XCBuildConfiguration section */

/* Begin XCConfigurationList section */
		7CFF883B2A63172D007A6B14 /* Build configuration list for PBXProject "DesignCode" */ = {
			isa = XCConfigurationList;
			buildConfigurations = (
				7CFF884C2A63172F007A6B14 /* Debug */,
				7CFF884D2A63172F007A6B14 /* Release */,
			);
			defaultConfigurationIsVisible = 0;
			defaultConfigurationName = Release;
		};
		7CFF884E2A63172F007A6B14 /* Build configuration list for PBXNativeTarget "DesignCode" */ = {
			isa = XCConfigurationList;
			buildConfigurations = (
				7CFF884F2A63172F007A6B14 /* Debug */,
				7CFF88502A63172F007A6B14 /* Release */,
			);
			defaultConfigurationIsVisible = 0;
			defaultConfigurationName = Release;
		};
/* End XCConfigurationList section */
	};
	rootObject = 7CFF88382A63172D007A6B14 /* Project object */;
}
